
Microsoft Visual Studio Solution File, Format Version 12.00
# Visual Studio 14
VisualStudioVersion = 14.0.25420.1
MinimumVisualStudioVersion = 10.0.40219.1
Project("{FAE04EC0-301F-11D3-BF4B-00C04F79EFBC}") = "VorbisCommentSharp", "VorbisCommentSharp.csproj", "{5BD4854F-481B-4AA6-B838-32C21B2B069F}"
EndProject
Project("{FAE04EC0-301F-11D3-BF4B-00C04F79EFBC}") = "Sandbox", "Sandbox\Sandbox.csproj", "{C1BD8DAE-6946-44CF-B1F8-503E492C869E}"
EndProject
Global
	GlobalSection(SolutionConfigurationPlatforms) = preSolution
		Debug|Any CPU = Debug|Any CPU
		Release|Any CPU = Release|Any CPU
	EndGlobalSection
	GlobalSection(ProjectConfigurationPlatforms) = postSolution
		{5BD4854F-481B-4AA6-B838-32C21B2B069F}.Debug|Any CPU.ActiveCfg = Debug|Any CPU
		{5BD4854F-481B-4AA6-B838-32C21B2B069F}.Debug|Any CPU.Build.0 = Debug|Any CPU
		{5BD4854F-481B-4AA6-B838-32C21B2B069F}.Release|Any CPU.ActiveCfg = Release|Any CPU
		{5BD4854F-481B-4AA6-B838-32C21B2B069F}.Release|Any CPU.Build.0 = Release|Any CPU
		{C1BD8DAE-6946-44CF-B1F8-503E492C869E}.Debug|Any CPU.ActiveCfg = Debug|Any CPU
		{C1BD8DAE-6946-44CF-B1F8-503E492C869E}.Debug|Any CPU.Build.0 = Debug|Any CPU
		{C1BD8DAE-6946-44CF-B1F8-503E492C869E}.Release|Any CPU.ActiveCfg = Release|Any CPU
		{C1BD8DAE-6946-44CF-B1F8-503E492C869E}.Release|Any CPU.Build.0 = Release|Any CPU
	EndGlobalSection
	GlobalSection(SolutionProperties) = preSolution
		HideSolutionNode = FALSE
	EndGlobalSection
EndGlobal
